
Microsoft Visual Studio Solution File, Format Version 12.00
# Visual Studio Version 17
VisualStudioVersion = 17.8.34316.72
MinimumVisualStudioVersion = 10.0.40219.1
Project("{9A19103F-16F7-4668-BE54-9A1E7A4F7556}") = "PokemonApi", "PokemonApi\PokemonApi.csproj", "{620E2927-A147-49B2-9C14-795177CBC1EA}"
EndProject
Project("{9A19103F-16F7-4668-BE54-9A1E7A4F7556}") = "PokemonApi.DataAccess", "PokemonApi.DataAccess\PokemonApi.DataAccess.csproj", "{58EFEDDB-242D-49A1-A7D4-4FCCC41CC0B1}"
EndProject
Global
	GlobalSection(SolutionConfigurationPlatforms) = preSolution
		Debug|Any CPU = Debug|Any CPU
		Release|Any CPU = Release|Any CPU
	EndGlobalSection
	GlobalSection(ProjectConfigurationPlatforms) = postSolution
		{620E2927-A147-49B2-9C14-795177CBC1EA}.Debug|Any CPU.ActiveCfg = Debug|Any CPU
		{620E2927-A147-49B2-9C14-795177CBC1EA}.Debug|Any CPU.Build.0 = Debug|Any CPU
		{620E2927-A147-49B2-9C14-795177CBC1EA}.Release|Any CPU.ActiveCfg = Release|Any CPU
		{620E2927-A147-49B2-9C14-795177CBC1EA}.Release|Any CPU.Build.0 = Release|Any CPU
		{58EFEDDB-242D-49A1-A7D4-4FCCC41CC0B1}.Debug|Any CPU.ActiveCfg = Debug|Any CPU
		{58EFEDDB-242D-49A1-A7D4-4FCCC41CC0B1}.Debug|Any CPU.Build.0 = Debug|Any CPU
		{58EFEDDB-242D-49A1-A7D4-4FCCC41CC0B1}.Release|Any CPU.ActiveCfg = Release|Any CPU
		{58EFEDDB-242D-49A1-A7D4-4FCCC41CC0B1}.Release|Any CPU.Build.0 = Release|Any CPU
	EndGlobalSection
	GlobalSection(SolutionProperties) = preSolution
		HideSolutionNode = FALSE
	EndGlobalSection
	GlobalSection(ExtensibilityGlobals) = postSolution
		SolutionGuid = {37AE51B9-85AA-4A83-BDE0-57CF3B2A5DDD}
	EndGlobalSection
EndGlobal
